// !$*UTF8*$!
{
	archiveVersion = 1;
	classes = {
	};
	objectVersion = 56;
	objects = {

/* Begin PBXBuildFile section */
		A01373F1299FD9170065EB9C /* main.c in Sources */ = {isa = PBXBuildFile; fileRef = A01373F0299FD9170065EB9C /* main.c */; };
		A01373F9299FD93D0065EB9C /* chunk.c in Sources */ = {isa = PBXBuildFile; fileRef = A01373F8299FD93D0065EB9C /* chunk.c */; };
		A01373FC299FDA790065EB9C /* common.c in Sources */ = {isa = PBXBuildFile; fileRef = A01373FB299FDA790065EB9C /* common.c */; };
		A01373FF299FDDDA0065EB9C /* memory.c in Sources */ = {isa = PBXBuildFile; fileRef = A01373FE299FDDDA0065EB9C /* memory.c */; };
		A0137408299FE6060065EB9C /* debug.c in Sources */ = {isa = PBXBuildFile; fileRef = A0137407299FE6060065EB9C /* debug.c */; };
		A013740B29A016A40065EB9C /* value.c in Sources */ = {isa = PBXBuildFile; fileRef = A013740A29A016A40065EB9C /* value.c */; };
		A013740E29A10BC00065EB9C /* vm.c in Sources */ = {isa = PBXBuildFile; fileRef = A013740D29A10BC00065EB9C /* vm.c */; };
		A013741129A3EC1E0065EB9C /* compiler.c in Sources */ = {isa = PBXBuildFile; fileRef = A013741029A3EC1E0065EB9C /* compiler.c */; };
		A013741429A3ECDB0065EB9C /* scanner.c in Sources */ = {isa = PBXBuildFile; fileRef = A013741329A3ECDB0065EB9C /* scanner.c */; };
/* End PBXBuildFile section */

/* Begin PBXCopyFilesBuildPhase section */
		A01373EB299FD9170065EB9C /* CopyFiles */ = {
			isa = PBXCopyFilesBuildPhase;
			buildActionMask = 2147483647;
			dstPath = /usr/share/man/man1/;
			dstSubfolderSpec = 0;
			files = (
			);
			runOnlyForDeploymentPostprocessing = 1;
		};
/* End PBXCopyFilesBuildPhase section */

/* Begin PBXFileReference section */
		A01373ED299FD9170065EB9C /* clox */ = {isa = PBXFileReference; explicitFileType = "compiled.mach-o.executable"; includeInIndex = 0; path = clox; sourceTree = BUILT_PRODUCTS_DIR; };
		A01373F0299FD9170065EB9C /* main.c */ = {isa = PBXFileReference; lastKnownFileType = sourcecode.c.c; path = main.c; sourceTree = "<group>"; };
		A01373F7299FD93D0065EB9C /* chunk.h */ = {isa = PBXFileReference; lastKnownFileType = sourcecode.c.h; path = chunk.h; sourceTree = "<group>"; };
		A01373F8299FD93D0065EB9C /* chunk.c */ = {isa = PBXFileReference; lastKnownFileType = sourcecode.c.c; path = chunk.c; sourceTree = "<group>"; };
		A01373FA299FDA790065EB9C /* common.h */ = {isa = PBXFileReference; lastKnownFileType = sourcecode.c.h; path = common.h; sourceTree = "<group>"; };
		A01373FB299FDA790065EB9C /* common.c */ = {isa = PBXFileReference; lastKnownFileType = sourcecode.c.c; path = common.c; sourceTree = "<group>"; };
		A01373FD299FDC270065EB9C /* memory.h */ = {isa = PBXFileReference; lastKnownFileType = sourcecode.c.h; path = memory.h; sourceTree = "<group>"; };
		A01373FE299FDDDA0065EB9C /* memory.c */ = {isa = PBXFileReference; lastKnownFileType = sourcecode.c.c; path = memory.c; sourceTree = "<group>"; };
		A0137406299FE6060065EB9C /* debug.h */ = {isa = PBXFileReference; lastKnownFileType = sourcecode.c.h; path = debug.h; sourceTree = "<group>"; };
		A0137407299FE6060065EB9C /* debug.c */ = {isa = PBXFileReference; lastKnownFileType = sourcecode.c.c; path = debug.c; sourceTree = "<group>"; };
		A013740929A016A40065EB9C /* value.h */ = {isa = PBXFileReference; lastKnownFileType = sourcecode.c.h; path = value.h; sourceTree = "<group>"; };
		A013740A29A016A40065EB9C /* value.c */ = {isa = PBXFileReference; lastKnownFileType = sourcecode.c.c; path = value.c; sourceTree = "<group>"; };
		A013740C29A10BC00065EB9C /* vm.h */ = {isa = PBXFileReference; lastKnownFileType = sourcecode.c.h; path = vm.h; sourceTree = "<group>"; };
		A013740D29A10BC00065EB9C /* vm.c */ = {isa = PBXFileReference; lastKnownFileType = sourcecode.c.c; path = vm.c; sourceTree = "<group>"; };
		A013740F29A3EC1E0065EB9C /* compiler.h */ = {isa = PBXFileReference; lastKnownFileType = sourcecode.c.h; path = compiler.h; sourceTree = "<group>"; };
		A013741029A3EC1E0065EB9C /* compiler.c */ = {isa = PBXFileReference; lastKnownFileType = sourcecode.c.c; path = compiler.c; sourceTree = "<group>"; };
		A013741229A3ECDB0065EB9C /* scanner.h */ = {isa = PBXFileReference; lastKnownFileType = sourcecode.c.h; path = scanner.h; sourceTree = "<group>"; };
		A013741329A3ECDB0065EB9C /* scanner.c */ = {isa = PBXFileReference; lastKnownFileType = sourcecode.c.c; path = scanner.c; sourceTree = "<group>"; };
/* End PBXFileReference section */

/* Begin PBXFrameworksBuildPhase section */
		A01373EA299FD9170065EB9C /* Frameworks */ = {
			isa = PBXFrameworksBuildPhase;
			buildActionMask = 2147483647;
			files = (
			);
			runOnlyForDeploymentPostprocessing = 0;
		};
/* End PBXFrameworksBuildPhase section */

/* Begin PBXGroup section */
		A01373E4299FD9170065EB9C = {
			isa = PBXGroup;
			children = (
				A01373EF299FD9170065EB9C /* clox */,
				A01373EE299FD9170065EB9C /* Products */,
			);
			sourceTree = "<group>";
		};
		A01373EE299FD9170065EB9C /* Products */ = {
			isa = PBXGroup;
			children = (
				A01373ED299FD9170065EB9C /* clox */,
			);
			name = Products;
			sourceTree = "<group>";
		};
		A01373EF299FD9170065EB9C /* clox */ = {
			isa = PBXGroup;
			children = (
				A013740A29A016A40065EB9C /* value.c */,
				A013740F29A3EC1E0065EB9C /* compiler.h */,
				A013741029A3EC1E0065EB9C /* compiler.c */,
				A013741229A3ECDB0065EB9C /* scanner.h */,
				A013741329A3ECDB0065EB9C /* scanner.c */,
				A013740929A016A40065EB9C /* value.h */,
				A013740D29A10BC00065EB9C /* vm.c */,
				A013740C29A10BC00065EB9C /* vm.h */,
				A01373F0299FD9170065EB9C /* main.c */,
				A01373F7299FD93D0065EB9C /* chunk.h */,
				A01373FA299FDA790065EB9C /* common.h */,
				A01373FB299FDA790065EB9C /* common.c */,
				A01373F8299FD93D0065EB9C /* chunk.c */,
				A01373FD299FDC270065EB9C /* memory.h */,
				A01373FE299FDDDA0065EB9C /* memory.c */,
				A0137406299FE6060065EB9C /* debug.h */,
				A0137407299FE6060065EB9C /* debug.c */,
			);
			path = clox;
			sourceTree = "<group>";
		};
/* End PBXGroup section */

/* Begin PBXNativeTarget section */
		A01373EC299FD9170065EB9C /* clox */ = {
			isa = PBXNativeTarget;
			buildConfigurationList = A01373F4299FD9170065EB9C /* Build configuration list for PBXNativeTarget "clox" */;
			buildPhases = (
				A01373E9299FD9170065EB9C /* Sources */,
				A01373EA299FD9170065EB9C /* Frameworks */,
				A01373EB299FD9170065EB9C /* CopyFiles */,
			);
			buildRules = (
			);
			dependencies = (
			);
			name = clox;
			productName = clox;
			productReference = A01373ED299FD9170065EB9C /* clox */;
			productType = "com.apple.product-type.tool";
		};
/* End PBXNativeTarget section */

/* Begin PBXProject section */
		A01373E5299FD9170065EB9C /* Project object */ = {
			isa = PBXProject;
			attributes = {
				BuildIndependentTargetsInParallel = 1;
				LastUpgradeCheck = 1420;
				TargetAttributes = {
					A01373EC299FD9170065EB9C = {
						CreatedOnToolsVersion = 14.2;
					};
				};
			};
			buildConfigurationList = A01373E8299FD9170065EB9C /* Build configuration list for PBXProject "clox" */;
			compatibilityVersion = "Xcode 14.0";
			developmentRegion = en;
			hasScannedForEncodings = 0;
			knownRegions = (
				en,
				Base,
			);
			mainGroup = A01373E4299FD9170065EB9C;
			productRefGroup = A01373EE299FD9170065EB9C /* Products */;
			projectDirPath = "";
			projectRoot = "";
			targets = (
				A01373EC299FD9170065EB9C /* clox */,
			);
		};
/* End PBXProject section */

/* Begin PBXSourcesBuildPhase section */
		A01373E9299FD9170065EB9C /* Sources */ = {
			isa = PBXSourcesBuildPhase;
			buildActionMask = 2147483647;
			files = (
				A01373FC299FDA790065EB9C /* common.c in Sources */,
				A013741429A3ECDB0065EB9C /* scanner.c in Sources */,
				A0137408299FE6060065EB9C /* debug.c in Sources */,
				A01373F1299FD9170065EB9C /* main.c in Sources */,
				A013740B29A016A40065EB9C /* value.c in Sources */,
				A01373FF299FDDDA0065EB9C /* memory.c in Sources */,
				A01373F9299FD93D0065EB9C /* chunk.c in Sources */,
				A013741129A3EC1E0065EB9C /* compiler.c in Sources */,
				A013740E29A10BC00065EB9C /* vm.c in Sources */,
			);
			runOnlyForDeploymentPostprocessing = 0;
		};
/* End PBXSourcesBuildPhase section */

/* Begin XCBuildConfiguration section */
		A01373F2299FD9170065EB9C /* Debug */ = {
			isa = XCBuildConfiguration;
			buildSettings = {
				ALWAYS_SEARCH_USER_PATHS = NO;
				CLANG_ANALYZER_NONNULL = YES;
				CLANG_ANALYZER_NUMBER_OBJECT_CONVERSION = YES_AGGRESSIVE;
				CLANG_CXX_LANGUAGE_STANDARD = "gnu++20";
				CLANG_ENABLE_MODULES = YES;
				CLANG_ENABLE_OBJC_ARC = YES;
				CLANG_ENABLE_OBJC_WEAK = YES;
				CLANG_WARN_BLOCK_CAPTURE_AUTORELEASING = YES;
				CLANG_WARN_BOOL_CONVERSION = YES;
				CLANG_WARN_COMMA = YES;
				CLANG_WARN_CONSTANT_CONVERSION = YES;
				CLANG_WARN_DEPRECATED_OBJC_IMPLEMENTATIONS = YES;
				CLANG_WARN_DIRECT_OBJC_ISA_USAGE = YES_ERROR;
				CLANG_WARN_DOCUMENTATION_COMMENTS = YES;
				CLANG_WARN_EMPTY_BODY = YES;
				CLANG_WARN_ENUM_CONVERSION = YES;
				CLANG_WARN_INFINITE_RECURSION = YES;
				CLANG_WARN_INT_CONVERSION = YES;
				CLANG_WARN_NON_LITERAL_NULL_CONVERSION = YES;
				CLANG_WARN_OBJC_IMPLICIT_RETAIN_SELF = YES;
				CLANG_WARN_OBJC_LITERAL_CONVERSION = YES;
				CLANG_WARN_OBJC_ROOT_CLASS = YES_ERROR;
				CLANG_WARN_QUOTED_INCLUDE_IN_FRAMEWORK_HEADER = YES;
				CLANG_WARN_RANGE_LOOP_ANALYSIS = YES;
				CLANG_WARN_STRICT_PROTOTYPES = YES;
				CLANG_WARN_SUSPICIOUS_MOVE = YES;
				CLANG_WARN_UNGUARDED_AVAILABILITY = YES_AGGRESSIVE;
				CLANG_WARN_UNREACHABLE_CODE = YES;
				CLANG_WARN__DUPLICATE_METHOD_MATCH = YES;
				COPY_PHASE_STRIP = NO;
				DEBUG_INFORMATION_FORMAT = dwarf;
				ENABLE_STRICT_OBJC_MSGSEND = YES;
				ENABLE_TESTABILITY = YES;
				GCC_C_LANGUAGE_STANDARD = gnu11;
				GCC_DYNAMIC_NO_PIC = NO;
				GCC_NO_COMMON_BLOCKS = YES;
				GCC_OPTIMIZATION_LEVEL = 0;
				GCC_PREPROCESSOR_DEFINITIONS = (
					"DEBUG=1",
					"$(inherited)",
				);
				GCC_WARN_64_TO_32_BIT_CONVERSION = YES;
				GCC_WARN_ABOUT_RETURN_TYPE = YES_ERROR;
				GCC_WARN_UNDECLARED_SELECTOR = YES;
				GCC_WARN_UNINITIALIZED_AUTOS = YES_AGGRESSIVE;
				GCC_WARN_UNUSED_FUNCTION = YES;
				GCC_WARN_UNUSED_VARIABLE = YES;
				MACOSX_DEPLOYMENT_TARGET = 12.6;
				MTL_ENABLE_DEBUG_INFO = INCLUDE_SOURCE;
				MTL_FAST_MATH = YES;
				ONLY_ACTIVE_ARCH = YES;
				SDKROOT = macosx;
			};
			name = Debug;
		};
		A01373F3299FD9170065EB9C /* Release */ = {
			isa = XCBuildConfiguration;
			buildSettings = {
				ALWAYS_SEARCH_USER_PATHS = NO;
				CLANG_ANALYZER_NONNULL = YES;
				CLANG_ANALYZER_NUMBER_OBJECT_CONVERSION = YES_AGGRESSIVE;
				CLANG_CXX_LANGUAGE_STANDARD = "gnu++20";
				CLANG_ENABLE_MODULES = YES;
				CLANG_ENABLE_OBJC_ARC = YES;
				CLANG_ENABLE_OBJC_WEAK = YES;
				CLANG_WARN_BLOCK_CAPTURE_AUTORELEASING = YES;
				CLANG_WARN_BOOL_CONVERSION = YES;
				CLANG_WARN_COMMA = YES;
				CLANG_WARN_CONSTANT_CONVERSION = YES;
				CLANG_WARN_DEPRECATED_OBJC_IMPLEMENTATIONS = YES;
				CLANG_WARN_DIRECT_OBJC_ISA_USAGE = YES_ERROR;
				CLANG_WARN_DOCUMENTATION_COMMENTS = YES;
				CLANG_WARN_EMPTY_BODY = YES;
				CLANG_WARN_ENUM_CONVERSION = YES;
				CLANG_WARN_INFINITE_RECURSION = YES;
				CLANG_WARN_INT_CONVERSION = YES;
				CLANG_WARN_NON_LITERAL_NULL_CONVERSION = YES;
				CLANG_WARN_OBJC_IMPLICIT_RETAIN_SELF = YES;
				CLANG_WARN_OBJC_LITERAL_CONVERSION = YES;
				CLANG_WARN_OBJC_ROOT_CLASS = YES_ERROR;
				CLANG_WARN_QUOTED_INCLUDE_IN_FRAMEWORK_HEADER = YES;
				CLANG_WARN_RANGE_LOOP_ANALYSIS = YES;
				CLANG_WARN_STRICT_PROTOTYPES = YES;
				CLANG_WARN_SUSPICIOUS_MOVE = YES;
				CLANG_WARN_UNGUARDED_AVAILABILITY = YES_AGGRESSIVE;
				CLANG_WARN_UNREACHABLE_CODE = YES;
				CLANG_WARN__DUPLICATE_METHOD_MATCH = YES;
				COPY_PHASE_STRIP = NO;
				DEBUG_INFORMATION_FORMAT = "dwarf-with-dsym";
				ENABLE_NS_ASSERTIONS = NO;
				ENABLE_STRICT_OBJC_MSGSEND = YES;
				GCC_C_LANGUAGE_STANDARD = gnu11;
				GCC_NO_COMMON_BLOCKS = YES;
				GCC_WARN_64_TO_32_BIT_CONVERSION = YES;
				GCC_WARN_ABOUT_RETURN_TYPE = YES_ERROR;
				GCC_WARN_UNDECLARED_SELECTOR = YES;
				GCC_WARN_UNINITIALIZED_AUTOS = YES_AGGRESSIVE;
				GCC_WARN_UNUSED_FUNCTION = YES;
				GCC_WARN_UNUSED_VARIABLE = YES;
				MACOSX_DEPLOYMENT_TARGET = 12.6;
				MTL_ENABLE_DEBUG_INFO = NO;
				MTL_FAST_MATH = YES;
				SDKROOT = macosx;
			};
			name = Release;
		};
		A01373F5299FD9170065EB9C /* Debug */ = {
			isa = XCBuildConfiguration;
			buildSettings = {
				CODE_SIGN_STYLE = Automatic;
				PRODUCT_NAME = "$(TARGET_NAME)";
			};
			name = Debug;
		};
		A01373F6299FD9170065EB9C /* Release */ = {
			isa = XCBuildConfiguration;
			buildSettings = {
				CODE_SIGN_STYLE = Automatic;
				PRODUCT_NAME = "$(TARGET_NAME)";
			};
			name = Release;
		};
/* End XCBuildConfiguration section */

/* Begin XCConfigurationList section */
		A01373E8299FD9170065EB9C /* Build configuration list for PBXProject "clox" */ = {
			isa = XCConfigurationList;
			buildConfigurations = (
				A01373F2299FD9170065EB9C /* Debug */,
				A01373F3299FD9170065EB9C /* Release */,
			);
			defaultConfigurationIsVisible = 0;
			defaultConfigurationName = Release;
		};
		A01373F4299FD9170065EB9C /* Build configuration list for PBXNativeTarget "clox" */ = {
			isa = XCConfigurationList;
			buildConfigurations = (
				A01373F5299FD9170065EB9C /* Debug */,
				A01373F6299FD9170065EB9C /* Release */,
			);
			defaultConfigurationIsVisible = 0;
			defaultConfigurationName = Release;
		};
/* End XCConfigurationList section */
	};
	rootObject = A01373E5299FD9170065EB9C /* Project object */;
}
